// !$*UTF8*$!
{
	archiveVersion = 1;
	classes = {
	};
	objectVersion = 46;
	objects = {

/* Begin PBXBuildFile section */
		1C444E561D1BCEAE000DD7EE /* SWRevealViewController.m in Sources */ = {isa = PBXBuildFile; fileRef = 1C444E551D1BCEAE000DD7EE /* SWRevealViewController.m */; };
		1C444E581D1BDA90000DD7EE /* OurViewController.swift in Sources */ = {isa = PBXBuildFile; fileRef = 1C444E571D1BDA90000DD7EE /* OurViewController.swift */; };
		1CAC7A791D1AD60F0088F0E6 /* AppDelegate.swift in Sources */ = {isa = PBXBuildFile; fileRef = 1CAC7A781D1AD60F0088F0E6 /* AppDelegate.swift */; };
		1CAC7A7B1D1AD60F0088F0E6 /* MasterViewController.swift in Sources */ = {isa = PBXBuildFile; fileRef = 1CAC7A7A1D1AD60F0088F0E6 /* MasterViewController.swift */; };
		1CAC7A7D1D1AD60F0088F0E6 /* DetailViewController.swift in Sources */ = {isa = PBXBuildFile; fileRef = 1CAC7A7C1D1AD60F0088F0E6 /* DetailViewController.swift */; };
		1CAC7A801D1AD6100088F0E6 /* Main.storyboard in Resources */ = {isa = PBXBuildFile; fileRef = 1CAC7A7E1D1AD6100088F0E6 /* Main.storyboard */; };
		1CAC7A821D1AD6100088F0E6 /* Assets.xcassets in Resources */ = {isa = PBXBuildFile; fileRef = 1CAC7A811D1AD6100088F0E6 /* Assets.xcassets */; };
		1CAC7A851D1AD6100088F0E6 /* LaunchScreen.storyboard in Resources */ = {isa = PBXBuildFile; fileRef = 1CAC7A831D1AD6100088F0E6 /* LaunchScreen.storyboard */; };
		1CAC7A901D1AD6100088F0E6 /* Urban_art_fair_appTests.swift in Sources */ = {isa = PBXBuildFile; fileRef = 1CAC7A8F1D1AD6100088F0E6 /* Urban_art_fair_appTests.swift */; };
		1CAC7A9B1D1AD6100088F0E6 /* Urban_art_fair_appUITests.swift in Sources */ = {isa = PBXBuildFile; fileRef = 1CAC7A9A1D1AD6100088F0E6 /* Urban_art_fair_appUITests.swift */; };
		1CAC7AA91D1AD66A0088F0E6 /* Urban art fair.swift in Sources */ = {isa = PBXBuildFile; fileRef = 1CAC7AA81D1AD66A0088F0E6 /* Urban art fair.swift */; };
/* End PBXBuildFile section */

/* Begin PBXContainerItemProxy section */
		1CAC7A8C1D1AD6100088F0E6 /* PBXContainerItemProxy */ = {
			isa = PBXContainerItemProxy;
			containerPortal = 1CAC7A6D1D1AD60F0088F0E6 /* Project object */;
			proxyType = 1;
			remoteGlobalIDString = 1CAC7A741D1AD60F0088F0E6;
			remoteInfo = "Urban art fair app";
		};
		1CAC7A971D1AD6100088F0E6 /* PBXContainerItemProxy */ = {
			isa = PBXContainerItemProxy;
			containerPortal = 1CAC7A6D1D1AD60F0088F0E6 /* Project object */;
			proxyType = 1;
			remoteGlobalIDString = 1CAC7A741D1AD60F0088F0E6;
			remoteInfo = "Urban art fair app";
		};
/* End PBXContainerItemProxy section */

/* Begin PBXFileReference section */
		1C444E531D1BCEAE000DD7EE /* Urban art fair app-Bridging-Header.h */ = {isa = PBXFileReference; lastKnownFileType = sourcecode.c.h; path = "Urban art fair app-Bridging-Header.h"; sourceTree = "<group>"; };
		1C444E541D1BCEAE000DD7EE /* SWRevealViewController.h */ = {isa = PBXFileReference; fileEncoding = 4; lastKnownFileType = sourcecode.c.h; path = SWRevealViewController.h; sourceTree = "<group>"; };
		1C444E551D1BCEAE000DD7EE /* SWRevealViewController.m */ = {isa = PBXFileReference; fileEncoding = 4; lastKnownFileType = sourcecode.c.objc; path = SWRevealViewController.m; sourceTree = "<group>"; };
		1C444E571D1BDA90000DD7EE /* OurViewController.swift */ = {isa = PBXFileReference; fileEncoding = 4; lastKnownFileType = sourcecode.swift; path = OurViewController.swift; sourceTree = "<group>"; };
		1CAC7A751D1AD60F0088F0E6 /* Urban art fair app.app */ = {isa = PBXFileReference; explicitFileType = wrapper.application; includeInIndex = 0; path = "Urban art fair app.app"; sourceTree = BUILT_PRODUCTS_DIR; };
		1CAC7A781D1AD60F0088F0E6 /* AppDelegate.swift */ = {isa = PBXFileReference; lastKnownFileType = sourcecode.swift; path = AppDelegate.swift; sourceTree = "<group>"; };
		1CAC7A7A1D1AD60F0088F0E6 /* MasterViewController.swift */ = {isa = PBXFileReference; lastKnownFileType = sourcecode.swift; path = MasterViewController.swift; sourceTree = "<group>"; };
		1CAC7A7C1D1AD60F0088F0E6 /* DetailViewController.swift */ = {isa = PBXFileReference; lastKnownFileType = sourcecode.swift; path = DetailViewController.swift; sourceTree = "<group>"; };
		1CAC7A7F1D1AD6100088F0E6 /* Base */ = {isa = PBXFileReference; lastKnownFileType = file.storyboard; name = Base; path = Base.lproj/Main.storyboard; sourceTree = "<group>"; };
		1CAC7A811D1AD6100088F0E6 /* Assets.xcassets */ = {isa = PBXFileReference; lastKnownFileType = folder.assetcatalog; path = Assets.xcassets; sourceTree = "<group>"; };
		1CAC7A841D1AD6100088F0E6 /* Base */ = {isa = PBXFileReference; lastKnownFileType = file.storyboard; name = Base; path = Base.lproj/LaunchScreen.storyboard; sourceTree = "<group>"; };
		1CAC7A861D1AD6100088F0E6 /* Info.plist */ = {isa = PBXFileReference; lastKnownFileType = text.plist.xml; path = Info.plist; sourceTree = "<group>"; };
		1CAC7A8B1D1AD6100088F0E6 /* Urban art fair appTests.xctest */ = {isa = PBXFileReference; explicitFileType = wrapper.cfbundle; includeInIndex = 0; path = "Urban art fair appTests.xctest"; sourceTree = BUILT_PRODUCTS_DIR; };
		1CAC7A8F1D1AD6100088F0E6 /* Urban_art_fair_appTests.swift */ = {isa = PBXFileReference; lastKnownFileType = sourcecode.swift; path = Urban_art_fair_appTests.swift; sourceTree = "<group>"; };
		1CAC7A911D1AD6100088F0E6 /* Info.plist */ = {isa = PBXFileReference; lastKnownFileType = text.plist.xml; path = Info.plist; sourceTree = "<group>"; };
		1CAC7A961D1AD6100088F0E6 /* Urban art fair appUITests.xctest */ = {isa = PBXFileReference; explicitFileType = wrapper.cfbundle; includeInIndex = 0; path = "Urban art fair appUITests.xctest"; sourceTree = BUILT_PRODUCTS_DIR; };
		1CAC7A9A1D1AD6100088F0E6 /* Urban_art_fair_appUITests.swift */ = {isa = PBXFileReference; lastKnownFileType = sourcecode.swift; path = Urban_art_fair_appUITests.swift; sourceTree = "<group>"; };
		1CAC7A9C1D1AD6100088F0E6 /* Info.plist */ = {isa = PBXFileReference; lastKnownFileType = text.plist.xml; path = Info.plist; sourceTree = "<group>"; };
		1CAC7AA81D1AD66A0088F0E6 /* Urban art fair.swift */ = {isa = PBXFileReference; fileEncoding = 4; lastKnownFileType = sourcecode.swift; path = "Urban art fair.swift"; sourceTree = "<group>"; };
/* End PBXFileReference section */

/* Begin PBXFrameworksBuildPhase section */
		1CAC7A721D1AD60F0088F0E6 /* Frameworks */ = {
			isa = PBXFrameworksBuildPhase;
			buildActionMask = 2147483647;
			files = (
			);
			runOnlyForDeploymentPostprocessing = 0;
		};
		1CAC7A881D1AD6100088F0E6 /* Frameworks */ = {
			isa = PBXFrameworksBuildPhase;
			buildActionMask = 2147483647;
			files = (
			);
			runOnlyForDeploymentPostprocessing = 0;
		};
		1CAC7A931D1AD6100088F0E6 /* Frameworks */ = {
			isa = PBXFrameworksBuildPhase;
			buildActionMask = 2147483647;
			files = (
			);
			runOnlyForDeploymentPostprocessing = 0;
		};
/* End PBXFrameworksBuildPhase section */

/* Begin PBXGroup section */
		1C444E521D1BCA1C000DD7EE /* SWRevealViewController */ = {
			isa = PBXGroup;
			children = (
				1C444E541D1BCEAE000DD7EE /* SWRevealViewController.h */,
				1C444E551D1BCEAE000DD7EE /* SWRevealViewController.m */,
				1C444E531D1BCEAE000DD7EE /* Urban art fair app-Bridging-Header.h */,
			);
			name = SWRevealViewController;
			sourceTree = "<group>";
		};
		1CAC7A6C1D1AD60F0088F0E6 = {
			isa = PBXGroup;
			children = (
				1CAC7AA81D1AD66A0088F0E6 /* Urban art fair.swift */,
				1CAC7A771D1AD60F0088F0E6 /* Urban art fair app */,
				1CAC7A8E1D1AD6100088F0E6 /* Urban art fair appTests */,
				1CAC7A991D1AD6100088F0E6 /* Urban art fair appUITests */,
				1CAC7A761D1AD60F0088F0E6 /* Products */,
			);
			sourceTree = "<group>";
		};
		1CAC7A761D1AD60F0088F0E6 /* Products */ = {
			isa = PBXGroup;
			children = (
				1CAC7A751D1AD60F0088F0E6 /* Urban art fair app.app */,
				1CAC7A8B1D1AD6100088F0E6 /* Urban art fair appTests.xctest */,
				1CAC7A961D1AD6100088F0E6 /* Urban art fair appUITests.xctest */,
			);
			name = Products;
			sourceTree = "<group>";
		};
		1CAC7A771D1AD60F0088F0E6 /* Urban art fair app */ = {
			isa = PBXGroup;
			children = (
				1C444E521D1BCA1C000DD7EE /* SWRevealViewController */,
				1CAC7A781D1AD60F0088F0E6 /* AppDelegate.swift */,
				1CAC7A7A1D1AD60F0088F0E6 /* MasterViewController.swift */,
				1CAC7A7C1D1AD60F0088F0E6 /* DetailViewController.swift */,
				1CAC7A7E1D1AD6100088F0E6 /* Main.storyboard */,
				1C444E571D1BDA90000DD7EE /* OurViewController.swift */,
				1CAC7A811D1AD6100088F0E6 /* Assets.xcassets */,
				1CAC7A831D1AD6100088F0E6 /* LaunchScreen.storyboard */,
				1CAC7A861D1AD6100088F0E6 /* Info.plist */,
			);
			path = "Urban art fair app";
			sourceTree = "<group>";
		};
		1CAC7A8E1D1AD6100088F0E6 /* Urban art fair appTests */ = {
			isa = PBXGroup;
			children = (
				1CAC7A8F1D1AD6100088F0E6 /* Urban_art_fair_appTests.swift */,
				1CAC7A911D1AD6100088F0E6 /* Info.plist */,
			);
			path = "Urban art fair appTests";
			sourceTree = "<group>";
		};
		1CAC7A991D1AD6100088F0E6 /* Urban art fair appUITests */ = {
			isa = PBXGroup;
			children = (
				1CAC7A9A1D1AD6100088F0E6 /* Urban_art_fair_appUITests.swift */,
				1CAC7A9C1D1AD6100088F0E6 /* Info.plist */,
			);
			path = "Urban art fair appUITests";
			sourceTree = "<group>";
		};
/* End PBXGroup section */

/* Begin PBXNativeTarget section */
		1CAC7A741D1AD60F0088F0E6 /* Urban art fair app */ = {
			isa = PBXNativeTarget;
			buildConfigurationList = 1CAC7A9F1D1AD6100088F0E6 /* Build configuration list for PBXNativeTarget "Urban art fair app" */;
			buildPhases = (
				1CAC7A711D1AD60F0088F0E6 /* Sources */,
				1CAC7A721D1AD60F0088F0E6 /* Frameworks */,
				1CAC7A731D1AD60F0088F0E6 /* Resources */,
			);
			buildRules = (
			);
			dependencies = (
			);
			name = "Urban art fair app";
			productName = "Urban art fair app";
			productReference = 1CAC7A751D1AD60F0088F0E6 /* Urban art fair app.app */;
			productType = "com.apple.product-type.application";
		};
		1CAC7A8A1D1AD6100088F0E6 /* Urban art fair appTests */ = {
			isa = PBXNativeTarget;
			buildConfigurationList = 1CAC7AA21D1AD6100088F0E6 /* Build configuration list for PBXNativeTarget "Urban art fair appTests" */;
			buildPhases = (
				1CAC7A871D1AD6100088F0E6 /* Sources */,
				1CAC7A881D1AD6100088F0E6 /* Frameworks */,
				1CAC7A891D1AD6100088F0E6 /* Resources */,
			);
			buildRules = (
			);
			dependencies = (
				1CAC7A8D1D1AD6100088F0E6 /* PBXTargetDependency */,
			);
			name = "Urban art fair appTests";
			productName = "Urban art fair appTests";
			productReference = 1CAC7A8B1D1AD6100088F0E6 /* Urban art fair appTests.xctest */;
			productType = "com.apple.product-type.bundle.unit-test";
		};
		1CAC7A951D1AD6100088F0E6 /* Urban art fair appUITests */ = {
			isa = PBXNativeTarget;
			buildConfigurationList = 1CAC7AA51D1AD6100088F0E6 /* Build configuration list for PBXNativeTarget "Urban art fair appUITests" */;
			buildPhases = (
				1CAC7A921D1AD6100088F0E6 /* Sources */,
				1CAC7A931D1AD6100088F0E6 /* Frameworks */,
				1CAC7A941D1AD6100088F0E6 /* Resources */,
			);
			buildRules = (
			);
			dependencies = (
				1CAC7A981D1AD6100088F0E6 /* PBXTargetDependency */,
			);
			name = "Urban art fair appUITests";
			productName = "Urban art fair appUITests";
			productReference = 1CAC7A961D1AD6100088F0E6 /* Urban art fair appUITests.xctest */;
			productType = "com.apple.product-type.bundle.ui-testing";
		};
/* End PBXNativeTarget section */

/* Begin PBXProject section */
		1CAC7A6D1D1AD60F0088F0E6 /* Project object */ = {
			isa = PBXProject;
			attributes = {
				LastSwiftUpdateCheck = 0720;
				LastUpgradeCheck = 0720;
				ORGANIZATIONNAME = "Mastere 1 IT";
				TargetAttributes = {
					1CAC7A741D1AD60F0088F0E6 = {
						CreatedOnToolsVersion = 7.2.1;
					};
					1CAC7A8A1D1AD6100088F0E6 = {
						CreatedOnToolsVersion = 7.2.1;
						TestTargetID = 1CAC7A741D1AD60F0088F0E6;
					};
					1CAC7A951D1AD6100088F0E6 = {
						CreatedOnToolsVersion = 7.2.1;
						TestTargetID = 1CAC7A741D1AD60F0088F0E6;
					};
				};
			};
			buildConfigurationList = 1CAC7A701D1AD60F0088F0E6 /* Build configuration list for PBXProject "Urban art fair app" */;
			compatibilityVersion = "Xcode 3.2";
			developmentRegion = English;
			hasScannedForEncodings = 0;
			knownRegions = (
				en,
				Base,
			);
			mainGroup = 1CAC7A6C1D1AD60F0088F0E6;
			productRefGroup = 1CAC7A761D1AD60F0088F0E6 /* Products */;
			projectDirPath = "";
			projectRoot = "";
			targets = (
				1CAC7A741D1AD60F0088F0E6 /* Urban art fair app */,
				1CAC7A8A1D1AD6100088F0E6 /* Urban art fair appTests */,
				1CAC7A951D1AD6100088F0E6 /* Urban art fair appUITests */,
			);
		};
/* End PBXProject section */

/* Begin PBXResourcesBuildPhase section */
		1CAC7A731D1AD60F0088F0E6 /* Resources */ = {
			isa = PBXResourcesBuildPhase;
			buildActionMask = 2147483647;
			files = (
				1CAC7A851D1AD6100088F0E6 /* LaunchScreen.storyboard in Resources */,
				1CAC7A821D1AD6100088F0E6 /* Assets.xcassets in Resources */,
				1CAC7A801D1AD6100088F0E6 /* Main.storyboard in Resources */,
			);
			runOnlyForDeploymentPostprocessing = 0;
		};
		1CAC7A891D1AD6100088F0E6 /* Resources */ = {
			isa = PBXResourcesBuildPhase;
			buildActionMask = 2147483647;
			files = (
			);
			runOnlyForDeploymentPostprocessing = 0;
		};
		1CAC7A941D1AD6100088F0E6 /* Resources */ = {
			isa = PBXResourcesBuildPhase;
			buildActionMask = 2147483647;
			files = (
			);
			runOnlyForDeploymentPostprocessing = 0;
		};
/* End PBXResourcesBuildPhase section */

/* Begin PBXSourcesBuildPhase section */
		1CAC7A711D1AD60F0088F0E6 /* Sources */ = {
			isa = PBXSourcesBuildPhase;
			buildActionMask = 2147483647;
			files = (
				1CAC7AA91D1AD66A0088F0E6 /* Urban art fair.swift in Sources */,
				1CAC7A7D1D1AD60F0088F0E6 /* DetailViewController.swift in Sources */,
				1C444E561D1BCEAE000DD7EE /* SWRevealViewController.m in Sources */,
				1CAC7A7B1D1AD60F0088F0E6 /* MasterViewController.swift in Sources */,
				1CAC7A791D1AD60F0088F0E6 /* AppDelegate.swift in Sources */,
				1C444E581D1BDA90000DD7EE /* OurViewController.swift in Sources */,
			);
			runOnlyForDeploymentPostprocessing = 0;
		};
		1CAC7A871D1AD6100088F0E6 /* Sources */ = {
			isa = PBXSourcesBuildPhase;
			buildActionMask = 2147483647;
			files = (
				1CAC7A901D1AD6100088F0E6 /* Urban_art_fair_appTests.swift in Sources */,
			);
			runOnlyForDeploymentPostprocessing = 0;
		};
		1CAC7A921D1AD6100088F0E6 /* Sources */ = {
			isa = PBXSourcesBuildPhase;
			buildActionMask = 2147483647;
			files = (
				1CAC7A9B1D1AD6100088F0E6 /* Urban_art_fair_appUITests.swift in Sources */,
			);
			runOnlyForDeploymentPostprocessing = 0;
		};
/* End PBXSourcesBuildPhase section */

/* Begin PBXTargetDependency section */
		1CAC7A8D1D1AD6100088F0E6 /* PBXTargetDependency */ = {
			isa = PBXTargetDependency;
			target = 1CAC7A741D1AD60F0088F0E6 /* Urban art fair app */;
			targetProxy = 1CAC7A8C1D1AD6100088F0E6 /* PBXContainerItemProxy */;
		};
		1CAC7A981D1AD6100088F0E6 /* PBXTargetDependency */ = {
			isa = PBXTargetDependency;
			target = 1CAC7A741D1AD60F0088F0E6 /* Urban art fair app */;
			targetProxy = 1CAC7A971D1AD6100088F0E6 /* PBXContainerItemProxy */;
		};
/* End PBXTargetDependency section */

/* Begin PBXVariantGroup section */
		1CAC7A7E1D1AD6100088F0E6 /* Main.storyboard */ = {
			isa = PBXVariantGroup;
			children = (
				1CAC7A7F1D1AD6100088F0E6 /* Base */,
			);
			name = Main.storyboard;
			sourceTree = "<group>";
		};
		1CAC7A831D1AD6100088F0E6 /* LaunchScreen.storyboard */ = {
			isa = PBXVariantGroup;
			children = (
				1CAC7A841D1AD6100088F0E6 /* Base */,
			);
			name = LaunchScreen.storyboard;
			sourceTree = "<group>";
		};
/* End PBXVariantGroup section */

/* Begin XCBuildConfiguration section */
		1CAC7A9D1D1AD6100088F0E6 /* Debug */ = {
			isa = XCBuildConfiguration;
			buildSettings = {
				ALWAYS_SEARCH_USER_PATHS = NO;
				CLANG_CXX_LANGUAGE_STANDARD = "gnu++0x";
				CLANG_CXX_LIBRARY = "libc++";
				CLANG_ENABLE_MODULES = YES;
				CLANG_ENABLE_OBJC_ARC = YES;
				CLANG_WARN_BOOL_CONVERSION = YES;
				CLANG_WARN_CONSTANT_CONVERSION = YES;
				CLANG_WARN_DIRECT_OBJC_ISA_USAGE = YES_ERROR;
				CLANG_WARN_EMPTY_BODY = YES;
				CLANG_WARN_ENUM_CONVERSION = YES;
				CLANG_WARN_INT_CONVERSION = YES;
				CLANG_WARN_OBJC_ROOT_CLASS = YES_ERROR;
				CLANG_WARN_UNREACHABLE_CODE = YES;
				CLANG_WARN__DUPLICATE_METHOD_MATCH = YES;
				"CODE_SIGN_IDENTITY[sdk=iphoneos*]" = "iPhone Developer";
				COPY_PHASE_STRIP = NO;
				DEBUG_INFORMATION_FORMAT = dwarf;
				ENABLE_STRICT_OBJC_MSGSEND = YES;
				ENABLE_TESTABILITY = YES;
				GCC_C_LANGUAGE_STANDARD = gnu99;
				GCC_DYNAMIC_NO_PIC = NO;
				GCC_NO_COMMON_BLOCKS = YES;
				GCC_OPTIMIZATION_LEVEL = 0;
				GCC_PREPROCESSOR_DEFINITIONS = (
					"DEBUG=1",
					"$(inherited)",
				);
				GCC_WARN_64_TO_32_BIT_CONVERSION = YES;
				GCC_WARN_ABOUT_RETURN_TYPE = YES_ERROR;
				GCC_WARN_UNDECLARED_SELECTOR = YES;
				GCC_WARN_UNINITIALIZED_AUTOS = YES_AGGRESSIVE;
				GCC_WARN_UNUSED_FUNCTION = YES;
				GCC_WARN_UNUSED_VARIABLE = YES;
				IPHONEOS_DEPLOYMENT_TARGET = 9.2;
				MTL_ENABLE_DEBUG_INFO = YES;
				ONLY_ACTIVE_ARCH = YES;
				SDKROOT = iphoneos;
				SWIFT_OPTIMIZATION_LEVEL = "-Onone";
			};
			name = Debug;
		};
		1CAC7A9E1D1AD6100088F0E6 /* Release */ = {
			isa = XCBuildConfiguration;
			buildSettings = {
				ALWAYS_SEARCH_USER_PATHS = NO;
				CLANG_CXX_LANGUAGE_STANDARD = "gnu++0x";
				CLANG_CXX_LIBRARY = "libc++";
				CLANG_ENABLE_MODULES = YES;
				CLANG_ENABLE_OBJC_ARC = YES;
				CLANG_WARN_BOOL_CONVERSION = YES;
				CLANG_WARN_CONSTANT_CONVERSION = YES;
				CLANG_WARN_DIRECT_OBJC_ISA_USAGE = YES_ERROR;
				CLANG_WARN_EMPTY_BODY = YES;
				CLANG_WARN_ENUM_CONVERSION = YES;
				CLANG_WARN_INT_CONVERSION = YES;
				CLANG_WARN_OBJC_ROOT_CLASS = YES_ERROR;
				CLANG_WARN_UNREACHABLE_CODE = YES;
				CLANG_WARN__DUPLICATE_METHOD_MATCH = YES;
				"CODE_SIGN_IDENTITY[sdk=iphoneos*]" = "iPhone Developer";
				COPY_PHASE_STRIP = NO;
				DEBUG_INFORMATION_FORMAT = "dwarf-with-dsym";
				ENABLE_NS_ASSERTIONS = NO;
				ENABLE_STRICT_OBJC_MSGSEND = YES;
				GCC_C_LANGUAGE_STANDARD = gnu99;
				GCC_NO_COMMON_BLOCKS = YES;
				GCC_WARN_64_TO_32_BIT_CONVERSION = YES;
				GCC_WARN_ABOUT_RETURN_TYPE = YES_ERROR;
				GCC_WARN_UNDECLARED_SELECTOR = YES;
				GCC_WARN_UNINITIALIZED_AUTOS = YES_AGGRESSIVE;
				GCC_WARN_UNUSED_FUNCTION = YES;
				GCC_WARN_UNUSED_VARIABLE = YES;
				IPHONEOS_DEPLOYMENT_TARGET = 9.2;
				MTL_ENABLE_DEBUG_INFO = NO;
				SDKROOT = iphoneos;
				VALIDATE_PRODUCT = YES;
			};
			name = Release;
		};
		1CAC7AA01D1AD6100088F0E6 /* Debug */ = {
			isa = XCBuildConfiguration;
			buildSettings = {
				ASSETCATALOG_COMPILER_APPICON_NAME = AppIcon;
				CLANG_ENABLE_MODULES = YES;
				CODE_SIGN_IDENTITY = "iPhone Developer";
				INFOPLIST_FILE = "Urban art fair app/Info.plist";
				LD_RUNPATH_SEARCH_PATHS = "$(inherited) @executable_path/Frameworks";
				PRODUCT_BUNDLE_IDENTIFIER = "com.urban-art-fair.Urban-art-fair-app";
				PRODUCT_NAME = "$(TARGET_NAME)";
				SWIFT_OBJC_BRIDGING_HEADER = "Urban art fair app/Urban art fair app-Bridging-Header.h";
				SWIFT_OPTIMIZATION_LEVEL = "-Onone";
			};
			name = Debug;
		};
		1CAC7AA11D1AD6100088F0E6 /* Release */ = {
			isa = XCBuildConfiguration;
			buildSettings = {
				ASSETCATALOG_COMPILER_APPICON_NAME = AppIcon;
				CLANG_ENABLE_MODULES = YES;
				CODE_SIGN_IDENTITY = "iPhone Developer";
				INFOPLIST_FILE = "Urban art fair app/Info.plist";
				LD_RUNPATH_SEARCH_PATHS = "$(inherited) @executable_path/Frameworks";
				PRODUCT_BUNDLE_IDENTIFIER = "com.urban-art-fair.Urban-art-fair-app";
				PRODUCT_NAME = "$(TARGET_NAME)";
				SWIFT_OBJC_BRIDGING_HEADER = "Urban art fair app/Urban art fair app-Bridging-Header.h";
			};
			name = Release;
		};
		1CAC7AA31D1AD6100088F0E6 /* Debug */ = {
			isa = XCBuildConfiguration;
			buildSettings = {
				BUNDLE_LOADER = "$(TEST_HOST)";
				INFOPLIST_FILE = "Urban art fair appTests/Info.plist";
				LD_RUNPATH_SEARCH_PATHS = "$(inherited) @executable_path/Frameworks @loader_path/Frameworks";
				PRODUCT_BUNDLE_IDENTIFIER = "com.urban-art-fair.Urban-art-fair-appTests";
				PRODUCT_NAME = "$(TARGET_NAME)";
				TEST_HOST = "$(BUILT_PRODUCTS_DIR)/Urban art fair app.app/Urban art fair app";
			};
			name = Debug;
		};
		1CAC7AA41D1AD6100088F0E6 /* Release */ = {
			isa = XCBuildConfiguration;
			buildSettings = {
				BUNDLE_LOADER = "$(TEST_HOST)";
				INFOPLIST_FILE = "Urban art fair appTests/Info.plist";
				LD_RUNPATH_SEARCH_PATHS = "$(inherited) @executable_path/Frameworks @loader_path/Frameworks";
				PRODUCT_BUNDLE_IDENTIFIER = "com.urban-art-fair.Urban-art-fair-appTests";
				PRODUCT_NAME = "$(TARGET_NAME)";
				TEST_HOST = "$(BUILT_PRODUCTS_DIR)/Urban art fair app.app/Urban art fair app";
			};
			name = Release;
		};
		1CAC7AA61D1AD6100088F0E6 /* Debug */ = {
			isa = XCBuildConfiguration;
			buildSettings = {
				INFOPLIST_FILE = "Urban art fair appUITests/Info.plist";
				LD_RUNPATH_SEARCH_PATHS = "$(inherited) @executable_path/Frameworks @loader_path/Frameworks";
				PRODUCT_BUNDLE_IDENTIFIER = "com.urban-art-fair.Urban-art-fair-appUITests";
				PRODUCT_NAME = "$(TARGET_NAME)";
				TEST_TARGET_NAME = "Urban art fair app";
				USES_XCTRUNNER = YES;
			};
			name = Debug;
		};
		1CAC7AA71D1AD6100088F0E6 /* Release */ = {
			isa = XCBuildConfiguration;
			buildSettings = {
				INFOPLIST_FILE = "Urban art fair appUITests/Info.plist";
				LD_RUNPATH_SEARCH_PATHS = "$(inherited) @executable_path/Frameworks @loader_path/Frameworks";
				PRODUCT_BUNDLE_IDENTIFIER = "com.urban-art-fair.Urban-art-fair-appUITests";
				PRODUCT_NAME = "$(TARGET_NAME)";
				TEST_TARGET_NAME = "Urban art fair app";
				USES_XCTRUNNER = YES;
			};
			name = Release;
		};
/* End XCBuildConfiguration section */

/* Begin XCConfigurationList section */
		1CAC7A701D1AD60F0088F0E6 /* Build configuration list for PBXProject "Urban art fair app" */ = {
			isa = XCConfigurationList;
			buildConfigurations = (
				1CAC7A9D1D1AD6100088F0E6 /* Debug */,
				1CAC7A9E1D1AD6100088F0E6 /* Release */,
			);
			defaultConfigurationIsVisible = 0;
			defaultConfigurationName = Release;
		};
		1CAC7A9F1D1AD6100088F0E6 /* Build configuration list for PBXNativeTarget "Urban art fair app" */ = {
			isa = XCConfigurationList;
			buildConfigurations = (
				1CAC7AA01D1AD6100088F0E6 /* Debug */,
				1CAC7AA11D1AD6100088F0E6 /* Release */,
			);
			defaultConfigurationIsVisible = 0;
			defaultConfigurationName = Release;
		};
		1CAC7AA21D1AD6100088F0E6 /* Build configuration list for PBXNativeTarget "Urban art fair appTests" */ = {
			isa = XCConfigurationList;
			buildConfigurations = (
				1CAC7AA31D1AD6100088F0E6 /* Debug */,
				1CAC7AA41D1AD6100088F0E6 /* Release */,
			);
			defaultConfigurationIsVisible = 0;
			defaultConfigurationName = Release;
		};
		1CAC7AA51D1AD6100088F0E6 /* Build configuration list for PBXNativeTarget "Urban art fair appUITests" */ = {
			isa = XCConfigurationList;
			buildConfigurations = (
				1CAC7AA61D1AD6100088F0E6 /* Debug */,
				1CAC7AA71D1AD6100088F0E6 /* Release */,
			);
			defaultConfigurationIsVisible = 0;
			defaultConfigurationName = Release;
		};
/* End XCConfigurationList section */
	};
	rootObject = 1CAC7A6D1D1AD60F0088F0E6 /* Project object */;
}
